// !$*UTF8*$!
{
	archiveVersion = 1;
	classes = {
	};
	objectVersion = 50;
	objects = {

/* Begin PBXBuildFile section */
		4B398C3524D3A8C500056383 /* MainTableViewController.swift in Sources */ = {isa = PBXBuildFile; fileRef = 4B398C3424D3A8C500056383 /* MainTableViewController.swift */; };
		4B398C3824D3AC2000056383 /* HouseGuessTableViewCell.swift in Sources */ = {isa = PBXBuildFile; fileRef = 4B398C3724D3AC2000056383 /* HouseGuessTableViewCell.swift */; };
		4B4BB62E24D392F000514023 /* AppDelegate.swift in Sources */ = {isa = PBXBuildFile; fileRef = 4B4BB62D24D392F000514023 /* AppDelegate.swift */; };
		4B4BB63024D392F000514023 /* SceneDelegate.swift in Sources */ = {isa = PBXBuildFile; fileRef = 4B4BB62F24D392F000514023 /* SceneDelegate.swift */; };
		4B4BB63524D392F000514023 /* Main.storyboard in Resources */ = {isa = PBXBuildFile; fileRef = 4B4BB63324D392F000514023 /* Main.storyboard */; };
		4B4BB63824D392F000514023 /* HogwartsHouses.xcdatamodeld in Sources */ = {isa = PBXBuildFile; fileRef = 4B4BB63624D392F000514023 /* HogwartsHouses.xcdatamodeld */; };
		4B4BB63A24D392F100514023 /* Assets.xcassets in Resources */ = {isa = PBXBuildFile; fileRef = 4B4BB63924D392F100514023 /* Assets.xcassets */; };
		4B4BB63D24D392F100514023 /* LaunchScreen.storyboard in Resources */ = {isa = PBXBuildFile; fileRef = 4B4BB63B24D392F100514023 /* LaunchScreen.storyboard */; };
		4B4BB64624D3997800514023 /* HogwartsHouseCD+Convenience.swift in Sources */ = {isa = PBXBuildFile; fileRef = 4B4BB64524D3997800514023 /* HogwartsHouseCD+Convenience.swift */; };
		4B4BB64824D39A4F00514023 /* CoreDataStack.swift in Sources */ = {isa = PBXBuildFile; fileRef = 4B4BB64724D39A4F00514023 /* CoreDataStack.swift */; };
		4B4BB64D24D39DAB00514023 /* HouseGuessController.swift in Sources */ = {isa = PBXBuildFile; fileRef = 4B4BB64C24D39DAB00514023 /* HouseGuessController.swift */; };
/* End PBXBuildFile section */

/* Begin PBXFileReference section */
		4B398C3424D3A8C500056383 /* MainTableViewController.swift */ = {isa = PBXFileReference; lastKnownFileType = sourcecode.swift; path = MainTableViewController.swift; sourceTree = "<group>"; };
		4B398C3724D3AC2000056383 /* HouseGuessTableViewCell.swift */ = {isa = PBXFileReference; lastKnownFileType = sourcecode.swift; path = HouseGuessTableViewCell.swift; sourceTree = "<group>"; };
		4B4BB62A24D392F000514023 /* HogwartsHouses.app */ = {isa = PBXFileReference; explicitFileType = wrapper.application; includeInIndex = 0; path = HogwartsHouses.app; sourceTree = BUILT_PRODUCTS_DIR; };
		4B4BB62D24D392F000514023 /* AppDelegate.swift */ = {isa = PBXFileReference; lastKnownFileType = sourcecode.swift; path = AppDelegate.swift; sourceTree = "<group>"; };
		4B4BB62F24D392F000514023 /* SceneDelegate.swift */ = {isa = PBXFileReference; lastKnownFileType = sourcecode.swift; path = SceneDelegate.swift; sourceTree = "<group>"; };
		4B4BB63424D392F000514023 /* Base */ = {isa = PBXFileReference; lastKnownFileType = file.storyboard; name = Base; path = Base.lproj/Main.storyboard; sourceTree = "<group>"; };
		4B4BB63724D392F000514023 /* HogwartsHouses.xcdatamodel */ = {isa = PBXFileReference; lastKnownFileType = wrapper.xcdatamodel; path = HogwartsHouses.xcdatamodel; sourceTree = "<group>"; };
		4B4BB63924D392F100514023 /* Assets.xcassets */ = {isa = PBXFileReference; lastKnownFileType = folder.assetcatalog; path = Assets.xcassets; sourceTree = "<group>"; };
		4B4BB63C24D392F100514023 /* Base */ = {isa = PBXFileReference; lastKnownFileType = file.storyboard; name = Base; path = Base.lproj/LaunchScreen.storyboard; sourceTree = "<group>"; };
		4B4BB63E24D392F100514023 /* Info.plist */ = {isa = PBXFileReference; lastKnownFileType = text.plist.xml; path = Info.plist; sourceTree = "<group>"; };
		4B4BB64524D3997800514023 /* HogwartsHouseCD+Convenience.swift */ = {isa = PBXFileReference; lastKnownFileType = sourcecode.swift; path = "HogwartsHouseCD+Convenience.swift"; sourceTree = "<group>"; };
		4B4BB64724D39A4F00514023 /* CoreDataStack.swift */ = {isa = PBXFileReference; lastKnownFileType = sourcecode.swift; path = CoreDataStack.swift; sourceTree = "<group>"; };
		4B4BB64C24D39DAB00514023 /* HouseGuessController.swift */ = {isa = PBXFileReference; lastKnownFileType = sourcecode.swift; path = HouseGuessController.swift; sourceTree = "<group>"; };
/* End PBXFileReference section */

/* Begin PBXFrameworksBuildPhase section */
		4B4BB62724D392F000514023 /* Frameworks */ = {
			isa = PBXFrameworksBuildPhase;
			buildActionMask = 2147483647;
			files = (
			);
			runOnlyForDeploymentPostprocessing = 0;
		};
/* End PBXFrameworksBuildPhase section */

/* Begin PBXGroup section */
		4B398C3224D3A89500056383 /* ModelControllers */ = {
			isa = PBXGroup;
			children = (
				4B4BB64C24D39DAB00514023 /* HouseGuessController.swift */,
			);
			path = ModelControllers;
			sourceTree = "<group>";
		};
		4B398C3324D3A8A000056383 /* ViewControllers */ = {
			isa = PBXGroup;
			children = (
				4B398C3424D3A8C500056383 /* MainTableViewController.swift */,
				4B398C3624D3ABF300056383 /* CustomCells */,
			);
			path = ViewControllers;
			sourceTree = "<group>";
		};
		4B398C3624D3ABF300056383 /* CustomCells */ = {
			isa = PBXGroup;
			children = (
				4B398C3724D3AC2000056383 /* HouseGuessTableViewCell.swift */,
			);
			path = CustomCells;
			sourceTree = "<group>";
		};
		4B4BB62124D392F000514023 = {
			isa = PBXGroup;
			children = (
				4B4BB62C24D392F000514023 /* HogwartsHouses */,
				4B4BB62B24D392F000514023 /* Products */,
			);
			sourceTree = "<group>";
		};
		4B4BB62B24D392F000514023 /* Products */ = {
			isa = PBXGroup;
			children = (
				4B4BB62A24D392F000514023 /* HogwartsHouses.app */,
			);
			name = Products;
			sourceTree = "<group>";
		};
		4B4BB62C24D392F000514023 /* HogwartsHouses */ = {
			isa = PBXGroup;
			children = (
				4B4BB64B24D39D8200514023 /* Models */,
				4B4BB64A24D39D7600514023 /* Views */,
				4B4BB64924D39D6A00514023 /* Controllers */,
				4B4BB64424D3986200514023 /* Resources */,
				4B4BB63324D392F000514023 /* Main.storyboard */,
			);
			path = HogwartsHouses;
			sourceTree = "<group>";
		};
		4B4BB64424D3986200514023 /* Resources */ = {
			isa = PBXGroup;
			children = (
				4B4BB62D24D392F000514023 /* AppDelegate.swift */,
				4B4BB62F24D392F000514023 /* SceneDelegate.swift */,
				4B4BB63924D392F100514023 /* Assets.xcassets */,
				4B4BB63B24D392F100514023 /* LaunchScreen.storyboard */,
				4B4BB63E24D392F100514023 /* Info.plist */,
			);
			path = Resources;
			sourceTree = "<group>";
		};
		4B4BB64924D39D6A00514023 /* Controllers */ = {
			isa = PBXGroup;
			children = (
				4B398C3324D3A8A000056383 /* ViewControllers */,
				4B398C3224D3A89500056383 /* ModelControllers */,
			);
			path = Controllers;
			sourceTree = "<group>";
		};
		4B4BB64A24D39D7600514023 /* Views */ = {
			isa = PBXGroup;
			children = (
			);
			path = Views;
			sourceTree = "<group>";
		};
		4B4BB64B24D39D8200514023 /* Models */ = {
			isa = PBXGroup;
			children = (
				4B4BB64524D3997800514023 /* HogwartsHouseCD+Convenience.swift */,
				4B4BB64724D39A4F00514023 /* CoreDataStack.swift */,
				4B4BB63624D392F000514023 /* HogwartsHouses.xcdatamodeld */,
			);
			path = Models;
			sourceTree = "<group>";
		};
/* End PBXGroup section */

/* Begin PBXNativeTarget section */
		4B4BB62924D392F000514023 /* HogwartsHouses */ = {
			isa = PBXNativeTarget;
			buildConfigurationList = 4B4BB64124D392F100514023 /* Build configuration list for PBXNativeTarget "HogwartsHouses" */;
			buildPhases = (
				4B4BB62624D392F000514023 /* Sources */,
				4B4BB62724D392F000514023 /* Frameworks */,
				4B4BB62824D392F000514023 /* Resources */,
			);
			buildRules = (
			);
			dependencies = (
			);
			name = HogwartsHouses;
			productName = HogwartsHouses;
			productReference = 4B4BB62A24D392F000514023 /* HogwartsHouses.app */;
			productType = "com.apple.product-type.application";
		};
/* End PBXNativeTarget section */

/* Begin PBXProject section */
		4B4BB62224D392F000514023 /* Project object */ = {
			isa = PBXProject;
			attributes = {
				LastSwiftUpdateCheck = 1160;
				LastUpgradeCheck = 1160;
				ORGANIZATIONNAME = "Ian Becker";
				TargetAttributes = {
					4B4BB62924D392F000514023 = {
						CreatedOnToolsVersion = 11.6;
					};
				};
			};
			buildConfigurationList = 4B4BB62524D392F000514023 /* Build configuration list for PBXProject "HogwartsHouses" */;
			compatibilityVersion = "Xcode 9.3";
			developmentRegion = en;
			hasScannedForEncodings = 0;
			knownRegions = (
				en,
				Base,
			);
			mainGroup = 4B4BB62124D392F000514023;
			productRefGroup = 4B4BB62B24D392F000514023 /* Products */;
			projectDirPath = "";
			projectRoot = "";
			targets = (
				4B4BB62924D392F000514023 /* HogwartsHouses */,
			);
		};
/* End PBXProject section */

/* Begin PBXResourcesBuildPhase section */
		4B4BB62824D392F000514023 /* Resources */ = {
			isa = PBXResourcesBuildPhase;
			buildActionMask = 2147483647;
			files = (
				4B4BB63D24D392F100514023 /* LaunchScreen.storyboard in Resources */,
				4B4BB63A24D392F100514023 /* Assets.xcassets in Resources */,
				4B4BB63524D392F000514023 /* Main.storyboard in Resources */,
			);
			runOnlyForDeploymentPostprocessing = 0;
		};
/* End PBXResourcesBuildPhase section */

/* Begin PBXSourcesBuildPhase section */
		4B4BB62624D392F000514023 /* Sources */ = {
			isa = PBXSourcesBuildPhase;
			buildActionMask = 2147483647;
			files = (
				4B4BB64D24D39DAB00514023 /* HouseGuessController.swift in Sources */,
				4B4BB64824D39A4F00514023 /* CoreDataStack.swift in Sources */,
				4B4BB63824D392F000514023 /* HogwartsHouses.xcdatamodeld in Sources */,
				4B4BB62E24D392F000514023 /* AppDelegate.swift in Sources */,
				4B4BB64624D3997800514023 /* HogwartsHouseCD+Convenience.swift in Sources */,
				4B4BB63024D392F000514023 /* SceneDelegate.swift in Sources */,
				4B398C3824D3AC2000056383 /* HouseGuessTableViewCell.swift in Sources */,
				4B398C3524D3A8C500056383 /* MainTableViewController.swift in Sources */,
			);
			runOnlyForDeploymentPostprocessing = 0;
		};
/* End PBXSourcesBuildPhase section */

/* Begin PBXVariantGroup section */
		4B4BB63324D392F000514023 /* Main.storyboard */ = {
			isa = PBXVariantGroup;
			children = (
				4B4BB63424D392F000514023 /* Base */,
			);
			name = Main.storyboard;
			sourceTree = "<group>";
		};
		4B4BB63B24D392F100514023 /* LaunchScreen.storyboard */ = {
			isa = PBXVariantGroup;
			children = (
				4B4BB63C24D392F100514023 /* Base */,
			);
			name = LaunchScreen.storyboard;
			sourceTree = "<group>";
		};
/* End PBXVariantGroup section */

/* Begin XCBuildConfiguration section */
		4B4BB63F24D392F100514023 /* Debug */ = {
			isa = XCBuildConfiguration;
			buildSettings = {
				ALWAYS_SEARCH_USER_PATHS = NO;
				CLANG_ANALYZER_NONNULL = YES;
				CLANG_ANALYZER_NUMBER_OBJECT_CONVERSION = YES_AGGRESSIVE;
				CLANG_CXX_LANGUAGE_STANDARD = "gnu++14";
				CLANG_CXX_LIBRARY = "libc++";
				CLANG_ENABLE_MODULES = YES;
				CLANG_ENABLE_OBJC_ARC = YES;
				CLANG_ENABLE_OBJC_WEAK = YES;
				CLANG_WARN_BLOCK_CAPTURE_AUTORELEASING = YES;
				CLANG_WARN_BOOL_CONVERSION = YES;
				CLANG_WARN_COMMA = YES;
				CLANG_WARN_CONSTANT_CONVERSION = YES;
				CLANG_WARN_DEPRECATED_OBJC_IMPLEMENTATIONS = YES;
				CLANG_WARN_DIRECT_OBJC_ISA_USAGE = YES_ERROR;
				CLANG_WARN_DOCUMENTATION_COMMENTS = YES;
				CLANG_WARN_EMPTY_BODY = YES;
				CLANG_WARN_ENUM_CONVERSION = YES;
				CLANG_WARN_INFINITE_RECURSION = YES;
				CLANG_WARN_INT_CONVERSION = YES;
				CLANG_WARN_NON_LITERAL_NULL_CONVERSION = YES;
				CLANG_WARN_OBJC_IMPLICIT_RETAIN_SELF = YES;
				CLANG_WARN_OBJC_LITERAL_CONVERSION = YES;
				CLANG_WARN_OBJC_ROOT_CLASS = YES_ERROR;
				CLANG_WARN_RANGE_LOOP_ANALYSIS = YES;
				CLANG_WARN_STRICT_PROTOTYPES = YES;
				CLANG_WARN_SUSPICIOUS_MOVE = YES;
				CLANG_WARN_UNGUARDED_AVAILABILITY = YES_AGGRESSIVE;
				CLANG_WARN_UNREACHABLE_CODE = YES;
				CLANG_WARN__DUPLICATE_METHOD_MATCH = YES;
				COPY_PHASE_STRIP = NO;
				DEBUG_INFORMATION_FORMAT = dwarf;
				ENABLE_STRICT_OBJC_MSGSEND = YES;
				ENABLE_TESTABILITY = YES;
				GCC_C_LANGUAGE_STANDARD = gnu11;
				GCC_DYNAMIC_NO_PIC = NO;
				GCC_NO_COMMON_BLOCKS = YES;
				GCC_OPTIMIZATION_LEVEL = 0;
				GCC_PREPROCESSOR_DEFINITIONS = (
					"DEBUG=1",
					"$(inherited)",
				);
				GCC_WARN_64_TO_32_BIT_CONVERSION = YES;
				GCC_WARN_ABOUT_RETURN_TYPE = YES_ERROR;
				GCC_WARN_UNDECLARED_SELECTOR = YES;
				GCC_WARN_UNINITIALIZED_AUTOS = YES_AGGRESSIVE;
				GCC_WARN_UNUSED_FUNCTION = YES;
				GCC_WARN_UNUSED_VARIABLE = YES;
				IPHONEOS_DEPLOYMENT_TARGET = 13.6;
				MTL_ENABLE_DEBUG_INFO = INCLUDE_SOURCE;
				MTL_FAST_MATH = YES;
				ONLY_ACTIVE_ARCH = YES;
				SDKROOT = iphoneos;
				SWIFT_ACTIVE_COMPILATION_CONDITIONS = DEBUG;
				SWIFT_OPTIMIZATION_LEVEL = "-Onone";
			};
			name = Debug;
		};
		4B4BB64024D392F100514023 /* Release */ = {
			isa = XCBuildConfiguration;
			buildSettings = {
				ALWAYS_SEARCH_USER_PATHS = NO;
				CLANG_ANALYZER_NONNULL = YES;
				CLANG_ANALYZER_NUMBER_OBJECT_CONVERSION = YES_AGGRESSIVE;
				CLANG_CXX_LANGUAGE_STANDARD = "gnu++14";
				CLANG_CXX_LIBRARY = "libc++";
				CLANG_ENABLE_MODULES = YES;
				CLANG_ENABLE_OBJC_ARC = YES;
				CLANG_ENABLE_OBJC_WEAK = YES;
				CLANG_WARN_BLOCK_CAPTURE_AUTORELEASING = YES;
				CLANG_WARN_BOOL_CONVERSION = YES;
				CLANG_WARN_COMMA = YES;
				CLANG_WARN_CONSTANT_CONVERSION = YES;
				CLANG_WARN_DEPRECATED_OBJC_IMPLEMENTATIONS = YES;
				CLANG_WARN_DIRECT_OBJC_ISA_USAGE = YES_ERROR;
				CLANG_WARN_DOCUMENTATION_COMMENTS = YES;
				CLANG_WARN_EMPTY_BODY = YES;
				CLANG_WARN_ENUM_CONVERSION = YES;
				CLANG_WARN_INFINITE_RECURSION = YES;
				CLANG_WARN_INT_CONVERSION = YES;
				CLANG_WARN_NON_LITERAL_NULL_CONVERSION = YES;
				CLANG_WARN_OBJC_IMPLICIT_RETAIN_SELF = YES;
				CLANG_WARN_OBJC_LITERAL_CONVERSION = YES;
				CLANG_WARN_OBJC_ROOT_CLASS = YES_ERROR;
				CLANG_WARN_RANGE_LOOP_ANALYSIS = YES;
				CLANG_WARN_STRICT_PROTOTYPES = YES;
				CLANG_WARN_SUSPICIOUS_MOVE = YES;
				CLANG_WARN_UNGUARDED_AVAILABILITY = YES_AGGRESSIVE;
				CLANG_WARN_UNREACHABLE_CODE = YES;
				CLANG_WARN__DUPLICATE_METHOD_MATCH = YES;
				COPY_PHASE_STRIP = NO;
				DEBUG_INFORMATION_FORMAT = "dwarf-with-dsym";
				ENABLE_NS_ASSERTIONS = NO;
				ENABLE_STRICT_OBJC_MSGSEND = YES;
				GCC_C_LANGUAGE_STANDARD = gnu11;
				GCC_NO_COMMON_BLOCKS = YES;
				GCC_WARN_64_TO_32_BIT_CONVERSION = YES;
				GCC_WARN_ABOUT_RETURN_TYPE = YES_ERROR;
				GCC_WARN_UNDECLARED_SELECTOR = YES;
				GCC_WARN_UNINITIALIZED_AUTOS = YES_AGGRESSIVE;
				GCC_WARN_UNUSED_FUNCTION = YES;
				GCC_WARN_UNUSED_VARIABLE = YES;
				IPHONEOS_DEPLOYMENT_TARGET = 13.6;
				MTL_ENABLE_DEBUG_INFO = NO;
				MTL_FAST_MATH = YES;
				SDKROOT = iphoneos;
				SWIFT_COMPILATION_MODE = wholemodule;
				SWIFT_OPTIMIZATION_LEVEL = "-O";
				VALIDATE_PRODUCT = YES;
			};
			name = Release;
		};
		4B4BB64224D392F100514023 /* Debug */ = {
			isa = XCBuildConfiguration;
			buildSettings = {
				ASSETCATALOG_COMPILER_APPICON_NAME = AppIcon;
				CODE_SIGN_STYLE = Automatic;
				DEVELOPMENT_TEAM = 4R3M5PR4UZ;
				INFOPLIST_FILE = HogwartsHouses/Resources/Info.plist;
				LD_RUNPATH_SEARCH_PATHS = (
					"$(inherited)",
					"@executable_path/Frameworks",
				);
				PRODUCT_BUNDLE_IDENTIFIER = com.ianbecker.HogwartsHouses;
				PRODUCT_NAME = "$(TARGET_NAME)";
				SWIFT_VERSION = 5.0;
				TARGETED_DEVICE_FAMILY = "1,2";
			};
			name = Debug;
		};
		4B4BB64324D392F100514023 /* Release */ = {
			isa = XCBuildConfiguration;
			buildSettings = {
				ASSETCATALOG_COMPILER_APPICON_NAME = AppIcon;
				CODE_SIGN_STYLE = Automatic;
				DEVELOPMENT_TEAM = 4R3M5PR4UZ;
				INFOPLIST_FILE = HogwartsHouses/Resources/Info.plist;
				LD_RUNPATH_SEARCH_PATHS = (
					"$(inherited)",
					"@executable_path/Frameworks",
				);
				PRODUCT_BUNDLE_IDENTIFIER = com.ianbecker.HogwartsHouses;
				PRODUCT_NAME = "$(TARGET_NAME)";
				SWIFT_VERSION = 5.0;
				TARGETED_DEVICE_FAMILY = "1,2";
			};
			name = Release;
		};
/* End XCBuildConfiguration section */

/* Begin XCConfigurationList section */
		4B4BB62524D392F000514023 /* Build configuration list for PBXProject "HogwartsHouses" */ = {
			isa = XCConfigurationList;
			buildConfigurations = (
				4B4BB63F24D392F100514023 /* Debug */,
				4B4BB64024D392F100514023 /* Release */,
			);
			defaultConfigurationIsVisible = 0;
			defaultConfigurationName = Release;
		};
		4B4BB64124D392F100514023 /* Build configuration list for PBXNativeTarget "HogwartsHouses" */ = {
			isa = XCConfigurationList;
			buildConfigurations = (
				4B4BB64224D392F100514023 /* Debug */,
				4B4BB64324D392F100514023 /* Release */,
			);
			defaultConfigurationIsVisible = 0;
			defaultConfigurationName = Release;
		};
/* End XCConfigurationList section */

/* Begin XCVersionGroup section */
		4B4BB63624D392F000514023 /* HogwartsHouses.xcdatamodeld */ = {
			isa = XCVersionGroup;
			children = (
				4B4BB63724D392F000514023 /* HogwartsHouses.xcdatamodel */,
			);
			currentVersion = 4B4BB63724D392F000514023 /* HogwartsHouses.xcdatamodel */;
			path = HogwartsHouses.xcdatamodeld;
			sourceTree = "<group>";
			versionGroupType = wrapper.xcdatamodel;
		};
/* End XCVersionGroup section */
	};
	rootObject = 4B4BB62224D392F000514023 /* Project object */;
}
